
Microsoft Visual Studio Solution File, Format Version 12.00
# Visual Studio Version 16
VisualStudioVersion = 16.0.30517.126
MinimumVisualStudioVersion = 10.0.40219.1
Project("{FAE04EC0-301F-11D3-BF4B-00C04F79EFBC}") = "ConsoleApp", "ConsoleApp.csproj", "{BFC192F4-BA44-4614-8A18-A0202361F078}"
EndProject
Project("{FAE04EC0-301F-11D3-BF4B-00C04F79EFBC}") = "CS_随机数", "..\CS_随机数\CS_随机数.csproj", "{F69C2B62-7070-4A39-9A3B-781996913AF7}"
EndProject
Project("{FAE04EC0-301F-11D3-BF4B-00C04F79EFBC}") = "WindowsFormsApp1", "..\WindowsFormsApp1\WindowsFormsApp1.csproj", "{061FD177-48EE-409B-A4FE-556F906F007E}"
EndProject
Project("{FAE04EC0-301F-11D3-BF4B-00C04F79EFBC}") = "CS07_杨辉三角", "..\CS07_杨辉三角\CS07_杨辉三角.csproj", "{0B5DA404-68D1-4CDE-A670-88E9999E0F4B}"
EndProject
Project("{FAE04EC0-301F-11D3-BF4B-00C04F79EFBC}") = "CS01_Helloworld", "..\CS01_Helloworld\CS01_Helloworld.csproj", "{66F8B2C5-0D35-45AE-8C97-2B74F4453D56}"
EndProject
Project("{FAE04EC0-301F-11D3-BF4B-00C04F79EFBC}") = "CS02_乘法表", "..\CS02_乘法表\CS02_乘法表.csproj", "{B6E04BBC-3F60-4229-9AF6-C58DD256D733}"
EndProject
Project("{FAE04EC0-301F-11D3-BF4B-00C04F79EFBC}") = "CS03_结构体", "..\CS03_结构体\CS03_结构体.csproj", "{61204FB9-F103-44F0-A895-D20FCEE3D366}"
EndProject
Project("{FAE04EC0-301F-11D3-BF4B-00C04F79EFBC}") = "CS04_枚举", "..\CS04_枚举\CS04_枚举.csproj", "{E48D39EB-D366-4A68-813A-5BAB8BBB28D9}"
EndProject
Project("{FAE04EC0-301F-11D3-BF4B-00C04F79EFBC}") = "CS06_宫格", "..\CS06_宫格\CS06_宫格.csproj", "{6A247068-E541-42DB-9009-E274337E9C60}"
EndProject
Project("{FAE04EC0-301F-11D3-BF4B-00C04F79EFBC}") = "CS08_阶乘", "..\CS08_阶乘\CS08_阶乘.csproj", "{4C132064-10ED-4276-9723-F127678DAFFB}"
EndProject
Project("{FAE04EC0-301F-11D3-BF4B-00C04F79EFBC}") = "CS09_数组去重", "..\CS09_数组去重\CS09_数组去重.csproj", "{3009186D-4F28-4E1A-8DB2-7A34CB9B5F4F}"
EndProject
Project("{FAE04EC0-301F-11D3-BF4B-00C04F79EFBC}") = "CS10_类的定义", "..\CS10_类的定义\CS10_类的定义.csproj", "{550DB07D-B843-448E-B924-596EE59F5903}"
EndProject
Project("{FAE04EC0-301F-11D3-BF4B-00C04F79EFBC}") = "CS11_类的属性", "..\CS11_类的属性\CS11_类的属性.csproj", "{9224AB55-EC6F-498C-BB54-EC2790DEE084}"
EndProject
Project("{FAE04EC0-301F-11D3-BF4B-00C04F79EFBC}") = "CS12_参数类型", "..\CS12_参数类型\CS12_参数类型.csproj", "{746E9FC9-E26D-4717-B3E5-ED5249CCAD8E}"
EndProject
Project("{FAE04EC0-301F-11D3-BF4B-00C04F79EFBC}") = "CS13_静态关键字", "..\CS13_静态关键字\CS13_静态关键字.csproj", "{48582FFC-F080-4314-9BF0-D40B04D0CD94}"
EndProject
Project("{FAE04EC0-301F-11D3-BF4B-00C04F79EFBC}") = "CS14_单例模式", "..\CS14_单例模式\CS14_单例模式.csproj", "{8A125178-83E7-46E8-BF28-3F7CCB69A3FD}"
EndProject
Project("{FAE04EC0-301F-11D3-BF4B-00C04F79EFBC}") = "CS15_继承", "..\CS15_继承\CS15_继承.csproj", "{7F144C30-5EB3-42ED-AF02-4738A8B6C896}"
EndProject
Project("{FAE04EC0-301F-11D3-BF4B-00C04F79EFBC}") = "CS16_索引属性", "..\CS16_索引属性\CS16_索引属性.csproj", "{18F60F72-9CE6-4163-A94A-CBB41876C869}"
EndProject
Project("{FAE04EC0-301F-11D3-BF4B-00C04F79EFBC}") = "CS17_多态", "..\CS17_多态\CS17_多态.csproj", "{951FF7AD-8AFF-4D38-A23B-95CB05E71DB0}"
EndProject
Project("{FAE04EC0-301F-11D3-BF4B-00C04F79EFBC}") = "CS18_抽象", "..\CS18_抽象\CS18_抽象.csproj", "{5702C8C0-E0F3-430C-86E7-970B0DA7A626}"
EndProject
Global
	GlobalSection(SolutionConfigurationPlatforms) = preSolution
		Debug|Any CPU = Debug|Any CPU
		Release|Any CPU = Release|Any CPU
	EndGlobalSection
	GlobalSection(ProjectConfigurationPlatforms) = postSolution
		{BFC192F4-BA44-4614-8A18-A0202361F078}.Debug|Any CPU.ActiveCfg = Debug|Any CPU
		{BFC192F4-BA44-4614-8A18-A0202361F078}.Debug|Any CPU.Build.0 = Debug|Any CPU
		{BFC192F4-BA44-4614-8A18-A0202361F078}.Release|Any CPU.ActiveCfg = Release|Any CPU
		{BFC192F4-BA44-4614-8A18-A0202361F078}.Release|Any CPU.Build.0 = Release|Any CPU
		{F69C2B62-7070-4A39-9A3B-781996913AF7}.Debug|Any CPU.ActiveCfg = Debug|Any CPU
		{F69C2B62-7070-4A39-9A3B-781996913AF7}.Debug|Any CPU.Build.0 = Debug|Any CPU
		{F69C2B62-7070-4A39-9A3B-781996913AF7}.Release|Any CPU.ActiveCfg = Release|Any CPU
		{F69C2B62-7070-4A39-9A3B-781996913AF7}.Release|Any CPU.Build.0 = Release|Any CPU
		{061FD177-48EE-409B-A4FE-556F906F007E}.Debug|Any CPU.ActiveCfg = Debug|Any CPU
		{061FD177-48EE-409B-A4FE-556F906F007E}.Debug|Any CPU.Build.0 = Debug|Any CPU
		{061FD177-48EE-409B-A4FE-556F906F007E}.Release|Any CPU.ActiveCfg = Release|Any CPU
		{061FD177-48EE-409B-A4FE-556F906F007E}.Release|Any CPU.Build.0 = Release|Any CPU
		{0B5DA404-68D1-4CDE-A670-88E9999E0F4B}.Debug|Any CPU.ActiveCfg = Debug|Any CPU
		{0B5DA404-68D1-4CDE-A670-88E9999E0F4B}.Debug|Any CPU.Build.0 = Debug|Any CPU
		{0B5DA404-68D1-4CDE-A670-88E9999E0F4B}.Release|Any CPU.ActiveCfg = Release|Any CPU
		{0B5DA404-68D1-4CDE-A670-88E9999E0F4B}.Release|Any CPU.Build.0 = Release|Any CPU
		{66F8B2C5-0D35-45AE-8C97-2B74F4453D56}.Debug|Any CPU.ActiveCfg = Debug|Any CPU
		{66F8B2C5-0D35-45AE-8C97-2B74F4453D56}.Debug|Any CPU.Build.0 = Debug|Any CPU
		{66F8B2C5-0D35-45AE-8C97-2B74F4453D56}.Release|Any CPU.ActiveCfg = Release|Any CPU
		{66F8B2C5-0D35-45AE-8C97-2B74F4453D56}.Release|Any CPU.Build.0 = Release|Any CPU
		{B6E04BBC-3F60-4229-9AF6-C58DD256D733}.Debug|Any CPU.ActiveCfg = Debug|Any CPU
		{B6E04BBC-3F60-4229-9AF6-C58DD256D733}.Debug|Any CPU.Build.0 = Debug|Any CPU
		{B6E04BBC-3F60-4229-9AF6-C58DD256D733}.Release|Any CPU.ActiveCfg = Release|Any CPU
		{B6E04BBC-3F60-4229-9AF6-C58DD256D733}.Release|Any CPU.Build.0 = Release|Any CPU
		{61204FB9-F103-44F0-A895-D20FCEE3D366}.Debug|Any CPU.ActiveCfg = Debug|Any CPU
		{61204FB9-F103-44F0-A895-D20FCEE3D366}.Debug|Any CPU.Build.0 = Debug|Any CPU
		{61204FB9-F103-44F0-A895-D20FCEE3D366}.Release|Any CPU.ActiveCfg = Release|Any CPU
		{61204FB9-F103-44F0-A895-D20FCEE3D366}.Release|Any CPU.Build.0 = Release|Any CPU
		{E48D39EB-D366-4A68-813A-5BAB8BBB28D9}.Debug|Any CPU.ActiveCfg = Debug|Any CPU
		{E48D39EB-D366-4A68-813A-5BAB8BBB28D9}.Debug|Any CPU.Build.0 = Debug|Any CPU
		{E48D39EB-D366-4A68-813A-5BAB8BBB28D9}.Release|Any CPU.ActiveCfg = Release|Any CPU
		{E48D39EB-D366-4A68-813A-5BAB8BBB28D9}.Release|Any CPU.Build.0 = Release|Any CPU
		{6A247068-E541-42DB-9009-E274337E9C60}.Debug|Any CPU.ActiveCfg = Debug|Any CPU
		{6A247068-E541-42DB-9009-E274337E9C60}.Debug|Any CPU.Build.0 = Debug|Any CPU
		{6A247068-E541-42DB-9009-E274337E9C60}.Release|Any CPU.ActiveCfg = Release|Any CPU
		{6A247068-E541-42DB-9009-E274337E9C60}.Release|Any CPU.Build.0 = Release|Any CPU
		{4C132064-10ED-4276-9723-F127678DAFFB}.Debug|Any CPU.ActiveCfg = Debug|Any CPU
		{4C132064-10ED-4276-9723-F127678DAFFB}.Debug|Any CPU.Build.0 = Debug|Any CPU
		{4C132064-10ED-4276-9723-F127678DAFFB}.Release|Any CPU.ActiveCfg = Release|Any CPU
		{4C132064-10ED-4276-9723-F127678DAFFB}.Release|Any CPU.Build.0 = Release|Any CPU
		{3009186D-4F28-4E1A-8DB2-7A34CB9B5F4F}.Debug|Any CPU.ActiveCfg = Debug|Any CPU
		{3009186D-4F28-4E1A-8DB2-7A34CB9B5F4F}.Debug|Any CPU.Build.0 = Debug|Any CPU
		{3009186D-4F28-4E1A-8DB2-7A34CB9B5F4F}.Release|Any CPU.ActiveCfg = Release|Any CPU
		{3009186D-4F28-4E1A-8DB2-7A34CB9B5F4F}.Release|Any CPU.Build.0 = Release|Any CPU
		{550DB07D-B843-448E-B924-596EE59F5903}.Debug|Any CPU.ActiveCfg = Debug|Any CPU
		{550DB07D-B843-448E-B924-596EE59F5903}.Debug|Any CPU.Build.0 = Debug|Any CPU
		{550DB07D-B843-448E-B924-596EE59F5903}.Release|Any CPU.ActiveCfg = Release|Any CPU
		{550DB07D-B843-448E-B924-596EE59F5903}.Release|Any CPU.Build.0 = Release|Any CPU
		{9224AB55-EC6F-498C-BB54-EC2790DEE084}.Debug|Any CPU.ActiveCfg = Debug|Any CPU
		{9224AB55-EC6F-498C-BB54-EC2790DEE084}.Debug|Any CPU.Build.0 = Debug|Any CPU
		{9224AB55-EC6F-498C-BB54-EC2790DEE084}.Release|Any CPU.ActiveCfg = Release|Any CPU
		{9224AB55-EC6F-498C-BB54-EC2790DEE084}.Release|Any CPU.Build.0 = Release|Any CPU
		{746E9FC9-E26D-4717-B3E5-ED5249CCAD8E}.Debug|Any CPU.ActiveCfg = Debug|Any CPU
		{746E9FC9-E26D-4717-B3E5-ED5249CCAD8E}.Debug|Any CPU.Build.0 = Debug|Any CPU
		{746E9FC9-E26D-4717-B3E5-ED5249CCAD8E}.Release|Any CPU.ActiveCfg = Release|Any CPU
		{746E9FC9-E26D-4717-B3E5-ED5249CCAD8E}.Release|Any CPU.Build.0 = Release|Any CPU
		{48582FFC-F080-4314-9BF0-D40B04D0CD94}.Debug|Any CPU.ActiveCfg = Debug|Any CPU
		{48582FFC-F080-4314-9BF0-D40B04D0CD94}.Debug|Any CPU.Build.0 = Debug|Any CPU
		{48582FFC-F080-4314-9BF0-D40B04D0CD94}.Release|Any CPU.ActiveCfg = Release|Any CPU
		{48582FFC-F080-4314-9BF0-D40B04D0CD94}.Release|Any CPU.Build.0 = Release|Any CPU
		{8A125178-83E7-46E8-BF28-3F7CCB69A3FD}.Debug|Any CPU.ActiveCfg = Debug|Any CPU
		{8A125178-83E7-46E8-BF28-3F7CCB69A3FD}.Debug|Any CPU.Build.0 = Debug|Any CPU
		{8A125178-83E7-46E8-BF28-3F7CCB69A3FD}.Release|Any CPU.ActiveCfg = Release|Any CPU
		{8A125178-83E7-46E8-BF28-3F7CCB69A3FD}.Release|Any CPU.Build.0 = Release|Any CPU
		{7F144C30-5EB3-42ED-AF02-4738A8B6C896}.Debug|Any CPU.ActiveCfg = Debug|Any CPU
		{7F144C30-5EB3-42ED-AF02-4738A8B6C896}.Debug|Any CPU.Build.0 = Debug|Any CPU
		{7F144C30-5EB3-42ED-AF02-4738A8B6C896}.Release|Any CPU.ActiveCfg = Release|Any CPU
		{7F144C30-5EB3-42ED-AF02-4738A8B6C896}.Release|Any CPU.Build.0 = Release|Any CPU
		{18F60F72-9CE6-4163-A94A-CBB41876C869}.Debug|Any CPU.ActiveCfg = Debug|Any CPU
		{18F60F72-9CE6-4163-A94A-CBB41876C869}.Debug|Any CPU.Build.0 = Debug|Any CPU
		{18F60F72-9CE6-4163-A94A-CBB41876C869}.Release|Any CPU.ActiveCfg = Release|Any CPU
		{18F60F72-9CE6-4163-A94A-CBB41876C869}.Release|Any CPU.Build.0 = Release|Any CPU
		{951FF7AD-8AFF-4D38-A23B-95CB05E71DB0}.Debug|Any CPU.ActiveCfg = Debug|Any CPU
		{951FF7AD-8AFF-4D38-A23B-95CB05E71DB0}.Debug|Any CPU.Build.0 = Debug|Any CPU
		{951FF7AD-8AFF-4D38-A23B-95CB05E71DB0}.Release|Any CPU.ActiveCfg = Release|Any CPU
		{951FF7AD-8AFF-4D38-A23B-95CB05E71DB0}.Release|Any CPU.Build.0 = Release|Any CPU
		{5702C8C0-E0F3-430C-86E7-970B0DA7A626}.Debug|Any CPU.ActiveCfg = Debug|Any CPU
		{5702C8C0-E0F3-430C-86E7-970B0DA7A626}.Debug|Any CPU.Build.0 = Debug|Any CPU
		{5702C8C0-E0F3-430C-86E7-970B0DA7A626}.Release|Any CPU.ActiveCfg = Release|Any CPU
		{5702C8C0-E0F3-430C-86E7-970B0DA7A626}.Release|Any CPU.Build.0 = Release|Any CPU
	EndGlobalSection
	GlobalSection(SolutionProperties) = preSolution
		HideSolutionNode = FALSE
	EndGlobalSection
	GlobalSection(ExtensibilityGlobals) = postSolution
		SolutionGuid = {FDC5CB2C-3150-440D-BA7B-D30EBC438E6C}
	EndGlobalSection
EndGlobal
